{
  "name": "angular-messages",
  "version": "1.5.11",
  "lockfileVersion": 3,
  "requires": true,
  "packages": {
    "": {
      "name": "angular-messages",
      "version": "1.5.11",
      "license": "MIT",
      "dependencies": {
        "angular-messages": "file:"
      }
    },
    "node_modules/angular-messages": {
      "resolved": "",
      "link": true
    }
  }
}
