{
  "name": "angular-mocks",
  "version": "1.6.4",
  "lockfileVersion": 3,
  "requires": true,
  "packages": {
    "": {
      "name": "angular-mocks",
      "version": "1.6.4",
      "license": "MIT",
      "dependencies": {
        "angular-mocks": "file:"
      }
    },
    "node_modules/angular-mocks": {
      "resolved": "",
      "link": true
    }
  }
}
