{
  "name": "blob-polyfill",
  "version": "1.0.20150320",
  "lockfileVersion": 3,
  "requires": true,
  "packages": {
    "": {
      "name": "blob-polyfill",
      "version": "1.0.20150320",
      "license": "MIT",
      "dependencies": {
        "blob-polyfill": "file:"
      }
    },
    "node_modules/blob-polyfill": {
      "resolved": "",
      "link": true
    }
  }
}
