{
  "name": "angular-touch",
  "version": "1.4.14",
  "lockfileVersion": 3,
  "requires": true,
  "packages": {
    "": {
      "name": "angular-touch",
      "version": "1.4.14",
      "license": "MIT",
      "dependencies": {
        "angular-touch": "file:"
      }
    },
    "node_modules/angular-touch": {
      "resolved": "",
      "link": true
    }
  }
}
